# This file was autogenerated by Stack.
# You should not edit this file by hand.
# For more information, please see the documentation at:
#   https://docs.haskellstack.org/en/stable/lock_files

packages:
- completed:
    size: 22016
    url: https://github.com/mitchellwrosen/ki/archive/66bf63ac7b38a7b7b35e8b828bb466a63015309c.tar.gz
    name: ki
    version: '0'
    sha256: c244e5869443d65a5c152fac7b0d6c89e01d1d20701218ca6b4c7c27ad46ca42
    pantry-tree:
      size: 2129
      sha256: b048f29847bf813aedf04d2d255c45658c3d936e514abb9fd0766882a7f824ec
  original:
    url: https://github.com/mitchellwrosen/ki/archive/66bf63ac7b38a7b7b35e8b828bb466a63015309c.tar.gz
snapshots:
- completed:
    size: 531718
    url: https://raw.githubusercontent.com/commercialhaskell/stackage-snapshots/master/lts/16/6.yaml
    sha256: 230a7266fc11f76222bd3bb68e9503ed11d553060a752f164bff6753ed03e271
  original: lts-16.6
