# This file was autogenerated by Stack.
# You should not edit this file by hand.
# For more information, please see the documentation at:
#   https://docs.haskellstack.org/en/stable/lock_files

packages:
- completed:
    hackage: data-sword-0.2.0.2@sha256:997c73059441e4fdde7919965b228a373a6a0ce1150edf4985d0bc3f6e7f278d,1457
    pantry-tree:
      size: 439
      sha256: 5148efd3ab98e8e81c1818eb57586d565b7e2fcfe0618b3ad5e13f78e69413ac
  original:
    hackage: data-sword-0.2.0.2
snapshots:
- completed:
    size: 524789
    url: https://raw.githubusercontent.com/commercialhaskell/stackage-snapshots/master/lts/14/18.yaml
    sha256: 646be71223e08234131c6989912e6011e01b9767bc447b6d466a35e14360bdf2
  original: lts-14.18
