# This file was autogenerated by Stack.
# You should not edit this file by hand.
# For more information, please see the documentation at:
#   https://docs.haskellstack.org/en/stable/lock_files

packages:
- completed:
    hackage: llvm-hs-7.0.1@sha256:8a90dec95be46ce24edfc53f357abfb692e6d531f5108fbba795c0ab2d93be5b,8879
    pantry-tree:
      size: 13394
      sha256: 7edf2ec9d9cf2eb34ffa3cb5a9f65addf7cc547ed1d9eee9eb1515200a37990d
  original:
    hackage: llvm-hs-7.0.1
- completed:
    subdir: llvm-hs-pure
    cabal-file:
      size: 2931
      sha256: 054c145a345bccdad6205420832eae36e3ed4730fad9767fb153d4487d240727
    name: llvm-hs-pure
    version: 7.0.0
    git: git@github.com:llvm-hs/llvm-hs
    pantry-tree:
      size: 2652
      sha256: 79c70971c04c9cdf6fb215aa30ace60e00b54d57017ed5f72b72d10e7e22fec0
    commit: 3b4e35e1abd88f8f30400242503d7cb25f9be253
  original:
    subdir: llvm-hs-pure
    git: git@github.com:llvm-hs/llvm-hs
    commit: 3b4e35e1abd88f8f30400242503d7cb25f9be253
snapshots:
- completed:
    size: 502604
    url: https://raw.githubusercontent.com/commercialhaskell/stackage-snapshots/master/lts/12/9.yaml
    sha256: 2b315ae05e003ce72e96e54849e8f8479959c45f750a814a018ff88bdaeaeff9
  original: lts-12.9
