# This file was autogenerated by Stack.
# You should not edit this file by hand.
# For more information, please see the documentation at:
#   https://docs.haskellstack.org/en/stable/lock_files

packages:
- completed:
    name: concur-replica
    version: 0.1.0.0
    git: https://github.com/pkamenarsky/concur-replica.git
    pantry-tree:
      size: 1485
      sha256: 4553c6e3fe314e760dc46fedc5430ce31325d9782eb658bcc1ec2b0845c83e84
    commit: d282c20eeabcab4ef265f44622f784d8c50ab1f4
  original:
    git: https://github.com/pkamenarsky/concur-replica.git
    commit: d282c20eeabcab4ef265f44622f784d8c50ab1f4
- completed:
    name: replica
    version: 0.1.0.0
    git: https://github.com/pkamenarsky/replica.git
    pantry-tree:
      size: 1319
      sha256: 2a7438ab731a9e4fa53136abe3889979a35d1047e8ad3843d6a5d60d22979102
    commit: 46d2fd3b2c236d573f1d6002eb58cc95b2ba03b9
  original:
    git: https://github.com/pkamenarsky/replica.git
    commit: 46d2fd3b2c236d573f1d6002eb58cc95b2ba03b9
- completed:
    subdir: concur-core
    name: concur-core
    version: 0.1.0.0
    git: https://github.com/pkamenarsky/concur.git
    pantry-tree:
      size: 728
      sha256: eabfe92d565da1d364116710507e4b0dbc7ea642863fac41c5456aa46cfd3a5a
    commit: dc5347b35c79654d58fa95716f425ee7248504fb
  original:
    subdir: concur-core
    git: https://github.com/pkamenarsky/concur.git
    commit: dc5347b35c79654d58fa95716f425ee7248504fb
snapshots:
- completed:
    size: 524789
    url: https://raw.githubusercontent.com/commercialhaskell/stackage-snapshots/master/lts/14/18.yaml
    sha256: 646be71223e08234131c6989912e6011e01b9767bc447b6d466a35e14360bdf2
  original: lts-14.18
